github.com/dgryski/go-pcgr v0.0.0-20190219145045-9a7ede0ca611 h1:ZmWYkcFCJGYQKmGRcPEY/6QsA/1ea5RACx9B2fbbE9c=
github.com/dgryski/go-pcgr v0.0.0-20190219145045-9a7ede0ca611/go.mod h1:ztV/u9hqJRBCT0P03v0Ueol7unBefCKL+paOoIZkR88=
github.com/enki/fastprng v0.0.0-20190912035746-b46f877a1a50 h1:rEb10MoloN0R4OXOGCLoAKhWnnuE/WK6loew/rWT0AY=
github.com/enki/fastprng v0.0.0-20190912035746-b46f877a1a50/go.mod h1:fmNBkPdX9WKwCxNL5AdR7/d4eLG+ccEHOmYrgIoBq0c=
github.com/fatih/color v1.10.0 h1:s36xzo75JdqLaaWoiEHk767eHiwo0598uUxyfiPkDsg=
github.com/fatih/color v1.10.0/go.mod h1:ELkj/draVOlAH/xkhN6mQ50Qd0MPOk5AAr3maGEBuJM=
github.com/lazybeaver/xorshift v0.0.0-20170702203709-ce511d4823dd h1:TfmftEfB1zJiDTFi3Qw1xlbEbfJPKUhEDC19clfBMb8=
github.com/lazybeaver/xorshift v0.0.0-20170702203709-ce511d4823dd/go.mod h1:qXyNSomGEqu0M7ewNl3CLgle09PFHk8++5NrBWCz7+Q=
github.com/mattn/go-colorable v0.1.8 h1:c1ghPdyEDarC70ftn0y+A/Ee++9zz8ljHG1b13eJ0s8=
github.com/mattn/go-colorable v0.1.8/go.mod h1:u6P/XSegPjTcexA+o6vUJrdnUu04hMope9wVRipJSqc=
github.com/mattn/go-isatty v0.0.12 h1:wuysRhFDzyxgEmMf5xjvJ2M9dZoWAXNNr5LSBS7uHXY=
github.com/mattn/go-isatty v0.0.12/go.mod h1:cbi8OIDigv2wuxKPP5vlRcQ1OAZbq2CE4Kysco4FUpU=
golang.org/x/sys v0.0.0-20200116001909-b77594299b42/go.mod h1:h1NjWce9XRLGQEsW7wpKNCjG9DtNlClVuFLEZdDNbEs=
golang.org/x/sys v0.0.0-20200223170610-d5e6a3e2c0ae h1:/WDfKMnPU+m5M4xB+6x4kaepxRw6jWvR5iDRdvjHgy8=
golang.org/x/sys v0.0.0-20200223170610-d5e6a3e2c0ae/go.mod h1:h1NjWce9XRLGQEsW7wpKNCjG9DtNlClVuFLEZdDNbEs=
